GEM
  remote: https://rubygems.org/
  specs:
    rack (3.2.4)
    rackup (2.3.1)
      rack (>= 3)
    webrick (1.9.2)

PLATFORMS
  arm64-darwin-24
  ruby

DEPENDENCIES
  rack
  rackup
  webrick

CHECKSUMS
  rack (3.2.4) sha256=5d74b6f75082a643f43c1e76b419c40f0e5527fcfee1e669ac1e6b73c0ccb6f6
  rackup (2.3.1) sha256=6c79c26753778e90983761d677a48937ee3192b3ffef6bc963c0950f94688868
  webrick (1.9.2) sha256=beb4a15fc474defed24a3bda4ffd88a490d517c9e4e6118c3edce59e45864131

RUBY VERSION
  ruby 4.0.0

BUNDLED WITH
  4.0.3
